
Microsoft Visual Studio Solution File, Format Version 12.00
# Visual Studio Version 17
VisualStudioVersion = 17.5.33627.172
MinimumVisualStudioVersion = 10.0.40219.1
Project("{FAE04EC0-301F-11D3-BF4B-00C04F79EFBC}") = "WebShop", "WebShop\WebShop.csproj", "{9788AF58-94E3-468D-8B30-75CD22E76E1B}"
EndProject
Global
	GlobalSection(SolutionConfigurationPlatforms) = preSolution
		Debug|Any CPU = Debug|Any CPU
		Release|Any CPU = Release|Any CPU
	EndGlobalSection
	GlobalSection(ProjectConfigurationPlatforms) = postSolution
		{9788AF58-94E3-468D-8B30-75CD22E76E1B}.Debug|Any CPU.ActiveCfg = Debug|Any CPU
		{9788AF58-94E3-468D-8B30-75CD22E76E1B}.Debug|Any CPU.Build.0 = Debug|Any CPU
		{9788AF58-94E3-468D-8B30-75CD22E76E1B}.Release|Any CPU.ActiveCfg = Release|Any CPU
		{9788AF58-94E3-468D-8B30-75CD22E76E1B}.Release|Any CPU.Build.0 = Release|Any CPU
	EndGlobalSection
	GlobalSection(SolutionProperties) = preSolution
		HideSolutionNode = FALSE
	EndGlobalSection
	GlobalSection(ExtensibilityGlobals) = postSolution
		SolutionGuid = {90FD6FD3-7DAE-4149-B620-05C62A96B9CF}
	EndGlobalSection
EndGlobal
